
Microsoft Visual Studio Solution File, Format Version 12.00
# Visual Studio Version 17
VisualStudioVersion = 17.4.33403.182
MinimumVisualStudioVersion = 10.0.40219.1
Project("{9A19103F-16F7-4668-BE54-9A1E7A4F7556}") = "DB.Example", "HBaseExample\DB.Example.csproj", "{64461879-4412-47A4-99F0-905F476E0238}"
EndProject
Project("{9A19103F-16F7-4668-BE54-9A1E7A4F7556}") = "HBase.Repository", "HBase.Repository\HBase.Repository.csproj", "{231341B4-4A8C-4367-8EFF-FC5AFC78D345}"
EndProject
Project("{9A19103F-16F7-4668-BE54-9A1E7A4F7556}") = "DataModel", "HBase.DataModel\DataModel.csproj", "{9371D472-978D-4F76-8360-FFC614954FC1}"
EndProject
Project("{9A19103F-16F7-4668-BE54-9A1E7A4F7556}") = "Cassandra.Repository", "Cassandra.Repository\Cassandra.Repository.csproj", "{CD731B16-EEEF-430C-8CD7-E13A42135E0F}"
EndProject
Project("{FAE04EC0-301F-11D3-BF4B-00C04F79EFBC}") = "DB.SharedUtils", "DB.SharedUtils\DB.SharedUtils.csproj", "{293480C2-FB6B-40FF-8DC3-DCEA13AA3AFB}"
EndProject
Global
	GlobalSection(SolutionConfigurationPlatforms) = preSolution
		Debug|Any CPU = Debug|Any CPU
		Release|Any CPU = Release|Any CPU
	EndGlobalSection
	GlobalSection(ProjectConfigurationPlatforms) = postSolution
		{64461879-4412-47A4-99F0-905F476E0238}.Debug|Any CPU.ActiveCfg = Debug|Any CPU
		{64461879-4412-47A4-99F0-905F476E0238}.Debug|Any CPU.Build.0 = Debug|Any CPU
		{64461879-4412-47A4-99F0-905F476E0238}.Release|Any CPU.ActiveCfg = Release|Any CPU
		{64461879-4412-47A4-99F0-905F476E0238}.Release|Any CPU.Build.0 = Release|Any CPU
		{231341B4-4A8C-4367-8EFF-FC5AFC78D345}.Debug|Any CPU.ActiveCfg = Debug|Any CPU
		{231341B4-4A8C-4367-8EFF-FC5AFC78D345}.Debug|Any CPU.Build.0 = Debug|Any CPU
		{231341B4-4A8C-4367-8EFF-FC5AFC78D345}.Release|Any CPU.ActiveCfg = Release|Any CPU
		{231341B4-4A8C-4367-8EFF-FC5AFC78D345}.Release|Any CPU.Build.0 = Release|Any CPU
		{9371D472-978D-4F76-8360-FFC614954FC1}.Debug|Any CPU.ActiveCfg = Debug|Any CPU
		{9371D472-978D-4F76-8360-FFC614954FC1}.Debug|Any CPU.Build.0 = Debug|Any CPU
		{9371D472-978D-4F76-8360-FFC614954FC1}.Release|Any CPU.ActiveCfg = Release|Any CPU
		{9371D472-978D-4F76-8360-FFC614954FC1}.Release|Any CPU.Build.0 = Release|Any CPU
		{CD731B16-EEEF-430C-8CD7-E13A42135E0F}.Debug|Any CPU.ActiveCfg = Debug|Any CPU
		{CD731B16-EEEF-430C-8CD7-E13A42135E0F}.Debug|Any CPU.Build.0 = Debug|Any CPU
		{CD731B16-EEEF-430C-8CD7-E13A42135E0F}.Release|Any CPU.ActiveCfg = Release|Any CPU
		{CD731B16-EEEF-430C-8CD7-E13A42135E0F}.Release|Any CPU.Build.0 = Release|Any CPU
		{293480C2-FB6B-40FF-8DC3-DCEA13AA3AFB}.Debug|Any CPU.ActiveCfg = Debug|Any CPU
		{293480C2-FB6B-40FF-8DC3-DCEA13AA3AFB}.Debug|Any CPU.Build.0 = Debug|Any CPU
		{293480C2-FB6B-40FF-8DC3-DCEA13AA3AFB}.Release|Any CPU.ActiveCfg = Release|Any CPU
		{293480C2-FB6B-40FF-8DC3-DCEA13AA3AFB}.Release|Any CPU.Build.0 = Release|Any CPU
	EndGlobalSection
	GlobalSection(SolutionProperties) = preSolution
		HideSolutionNode = FALSE
	EndGlobalSection
	GlobalSection(ExtensibilityGlobals) = postSolution
		SolutionGuid = {EE13D875-A14B-4BB8-841D-A17223457A2E}
	EndGlobalSection
EndGlobal
